
Microsoft Visual Studio Solution File, Format Version 12.00
# Visual Studio Version 17
VisualStudioVersion = 17.14.36414.22 d17.14
MinimumVisualStudioVersion = 10.0.40219.1
Project("{FAE04EC0-301F-11D3-BF4B-00C04F79EFBC}") = "Modding-Assistant", "Modding-Assistant.csproj", "{28FBB135-06FC-4990-A829-8C7A0A20EE8B}"
EndProject
Global
	GlobalSection(SolutionConfigurationPlatforms) = preSolution
		Debug|Any CPU = Debug|Any CPU
		Release|Any CPU = Release|Any CPU
	EndGlobalSection
	GlobalSection(ProjectConfigurationPlatforms) = postSolution
		{28FBB135-06FC-4990-A829-8C7A0A20EE8B}.Debug|Any CPU.ActiveCfg = Debug|Any CPU
		{28FBB135-06FC-4990-A829-8C7A0A20EE8B}.Debug|Any CPU.Build.0 = Debug|Any CPU
		{28FBB135-06FC-4990-A829-8C7A0A20EE8B}.Release|Any CPU.ActiveCfg = Release|Any CPU
		{28FBB135-06FC-4990-A829-8C7A0A20EE8B}.Release|Any CPU.Build.0 = Release|Any CPU
	EndGlobalSection
	GlobalSection(SolutionProperties) = preSolution
		HideSolutionNode = FALSE
	EndGlobalSection
	GlobalSection(ExtensibilityGlobals) = postSolution
		SolutionGuid = {0A960432-7776-4833-B9D3-B59D9357AFD7}
	EndGlobalSection
EndGlobal
